
Microsoft Visual Studio Solution File, Format Version 12.00
# Visual Studio Version 17
VisualStudioVersion = 17.4.33205.214
MinimumVisualStudioVersion = 10.0.40219.1
Project("{9A19103F-16F7-4668-BE54-9A1E7A4F7556}") = "Cryptography.Server", "Cryptography.Server\Cryptography.Server.csproj", "{8DB7BE8A-60EB-418A-A8E5-5F4A952845C0}"
EndProject
Project("{9A19103F-16F7-4668-BE54-9A1E7A4F7556}") = "Cryptography.Client", "Cryptography.Client\Cryptography.Client.csproj", "{11E4F9E6-8E70-4C8D-B784-EDDCF450A62A}"
EndProject
Project("{9A19103F-16F7-4668-BE54-9A1E7A4F7556}") = "Cryptography.Ciphers", "Cryptography.Ciphers\Cryptography.Ciphers.csproj", "{DA538AAD-67D1-4DC1-B3B5-162E1BB8864E}"
EndProject
Project("{2150E333-8FDC-42A3-9474-1A3956D46DE8}") = "Solution Items", "Solution Items", "{45FDF107-D4EB-4B19-AC3E-ECC20B05E346}"
	ProjectSection(SolutionItems) = preProject
		.editorconfig = .editorconfig
	EndProjectSection
EndProject
Project("{9A19103F-16F7-4668-BE54-9A1E7A4F7556}") = "Cryptography.Bitmap", "Cryptography.Bitmap\Cryptography.Bitmap.csproj", "{1D756844-ADAA-4D48-9BC9-84E9A398DBDB}"
EndProject
Global
	GlobalSection(SolutionConfigurationPlatforms) = preSolution
		Debug|Any CPU = Debug|Any CPU
		Release|Any CPU = Release|Any CPU
	EndGlobalSection
	GlobalSection(ProjectConfigurationPlatforms) = postSolution
		{8DB7BE8A-60EB-418A-A8E5-5F4A952845C0}.Debug|Any CPU.ActiveCfg = Debug|Any CPU
		{8DB7BE8A-60EB-418A-A8E5-5F4A952845C0}.Debug|Any CPU.Build.0 = Debug|Any CPU
		{8DB7BE8A-60EB-418A-A8E5-5F4A952845C0}.Release|Any CPU.ActiveCfg = Release|Any CPU
		{8DB7BE8A-60EB-418A-A8E5-5F4A952845C0}.Release|Any CPU.Build.0 = Release|Any CPU
		{11E4F9E6-8E70-4C8D-B784-EDDCF450A62A}.Debug|Any CPU.ActiveCfg = Debug|Any CPU
		{11E4F9E6-8E70-4C8D-B784-EDDCF450A62A}.Debug|Any CPU.Build.0 = Debug|Any CPU
		{11E4F9E6-8E70-4C8D-B784-EDDCF450A62A}.Release|Any CPU.ActiveCfg = Release|Any CPU
		{11E4F9E6-8E70-4C8D-B784-EDDCF450A62A}.Release|Any CPU.Build.0 = Release|Any CPU
		{DA538AAD-67D1-4DC1-B3B5-162E1BB8864E}.Debug|Any CPU.ActiveCfg = Debug|Any CPU
		{DA538AAD-67D1-4DC1-B3B5-162E1BB8864E}.Debug|Any CPU.Build.0 = Debug|Any CPU
		{DA538AAD-67D1-4DC1-B3B5-162E1BB8864E}.Release|Any CPU.ActiveCfg = Release|Any CPU
		{DA538AAD-67D1-4DC1-B3B5-162E1BB8864E}.Release|Any CPU.Build.0 = Release|Any CPU
		{1D756844-ADAA-4D48-9BC9-84E9A398DBDB}.Debug|Any CPU.ActiveCfg = Debug|Any CPU
		{1D756844-ADAA-4D48-9BC9-84E9A398DBDB}.Debug|Any CPU.Build.0 = Debug|Any CPU
		{1D756844-ADAA-4D48-9BC9-84E9A398DBDB}.Release|Any CPU.ActiveCfg = Release|Any CPU
		{1D756844-ADAA-4D48-9BC9-84E9A398DBDB}.Release|Any CPU.Build.0 = Release|Any CPU
	EndGlobalSection
	GlobalSection(SolutionProperties) = preSolution
		HideSolutionNode = FALSE
	EndGlobalSection
	GlobalSection(ExtensibilityGlobals) = postSolution
		SolutionGuid = {EECD1BA0-28B8-4F61-A0BF-2D04123EE2D4}
	EndGlobalSection
EndGlobal
